
Microsoft Visual Studio Solution File, Format Version 12.00
# Visual Studio Version 17
VisualStudioVersion = 17.0.31903.59
MinimumVisualStudioVersion = 10.0.40219.1
Project("{FAE04EC0-301F-11D3-BF4B-00C04F79EFBC}") = "API", "API\API.csproj", "{DE4CECD4-26BA-4C22-AB00-444428A5B440}"
EndProject
Project("{FAE04EC0-301F-11D3-BF4B-00C04F79EFBC}") = "Core", "Core\Core.csproj", "{062DDCC7-099B-4F3A-AEE3-AEEB9BDAF56A}"
EndProject
Project("{FAE04EC0-301F-11D3-BF4B-00C04F79EFBC}") = "Infrastructure", "Infrastructure\Infrastructure.csproj", "{8C202E0C-03ED-43E9-BA28-FFC656E2FEB5}"
EndProject
Global
	GlobalSection(SolutionConfigurationPlatforms) = preSolution
		Debug|Any CPU = Debug|Any CPU
		Release|Any CPU = Release|Any CPU
	EndGlobalSection
	GlobalSection(SolutionProperties) = preSolution
		HideSolutionNode = FALSE
	EndGlobalSection
	GlobalSection(ProjectConfigurationPlatforms) = postSolution
		{DE4CECD4-26BA-4C22-AB00-444428A5B440}.Debug|Any CPU.ActiveCfg = Debug|Any CPU
		{DE4CECD4-26BA-4C22-AB00-444428A5B440}.Debug|Any CPU.Build.0 = Debug|Any CPU
		{DE4CECD4-26BA-4C22-AB00-444428A5B440}.Release|Any CPU.ActiveCfg = Release|Any CPU
		{DE4CECD4-26BA-4C22-AB00-444428A5B440}.Release|Any CPU.Build.0 = Release|Any CPU
		{062DDCC7-099B-4F3A-AEE3-AEEB9BDAF56A}.Debug|Any CPU.ActiveCfg = Debug|Any CPU
		{062DDCC7-099B-4F3A-AEE3-AEEB9BDAF56A}.Debug|Any CPU.Build.0 = Debug|Any CPU
		{062DDCC7-099B-4F3A-AEE3-AEEB9BDAF56A}.Release|Any CPU.ActiveCfg = Release|Any CPU
		{062DDCC7-099B-4F3A-AEE3-AEEB9BDAF56A}.Release|Any CPU.Build.0 = Release|Any CPU
		{8C202E0C-03ED-43E9-BA28-FFC656E2FEB5}.Debug|Any CPU.ActiveCfg = Debug|Any CPU
		{8C202E0C-03ED-43E9-BA28-FFC656E2FEB5}.Debug|Any CPU.Build.0 = Debug|Any CPU
		{8C202E0C-03ED-43E9-BA28-FFC656E2FEB5}.Release|Any CPU.ActiveCfg = Release|Any CPU
		{8C202E0C-03ED-43E9-BA28-FFC656E2FEB5}.Release|Any CPU.Build.0 = Release|Any CPU
	EndGlobalSection
EndGlobal
